{
  "pins" : [
    {
      "identity" : "ios-rakutenanalytics",
      "kind" : "remoteSourceControl",
      "location" : "https://github.com/rakutenanalytics/ios-rakutenanalytics.git",
      "state" : {
        "revision" : "91c2db025870710c1709aa41a936db23bc54dcee",
        "version" : "11.0.0"
      }
    }
  ],
  "version" : 2
}
